{
  "name": "test",
  "version": "1.0.0",
  "lockfileVersion": 1,
  "requires": true,
  "dependencies": {
    "ascending-js": {
      "version": "1.0.3",
      "resolved": "https://registry.npmjs.org/ascending-js/-/ascending-js-1.0.3.tgz",
      "integrity": "sha512-wW1UbQxsLblLuz/UToAh0HI+duXsKRnZF+oXNby3opqLKXTGR8zC0nK9EzwDjXW/7bf9QrNANHJ8HHDULgg6/A=="
    }
  }
}
